
Microsoft Visual Studio Solution File, Format Version 12.00
# Visual Studio Version 16
VisualStudioVersion = 16.0.29806.167
MinimumVisualStudioVersion = 10.0.40219.1
Project("{2150E333-8FDC-42A3-9474-1A3956D46DE8}") = "src", "src", "{78F1F079-F66E-4615-89A0-873C6CC5873D}"
EndProject
Project("{2150E333-8FDC-42A3-9474-1A3956D46DE8}") = "test", "test", "{7A81DB4D-C88A-4BCA-9D78-6D06D0B30889}"
EndProject
Project("{9A19103F-16F7-4668-BE54-9A1E7A4F7556}") = "Order.Api.Web", "src\Order.Api.Web\Order.Api.Web.csproj", "{1F6F05E6-BCC8-492C-A19A-E9EFF97BA288}"
EndProject
Project("{9A19103F-16F7-4668-BE54-9A1E7A4F7556}") = "ApiModels", "src\ApiModels\ApiModels.csproj", "{F0BA21FC-8136-4E1C-B940-12E5514DE08A}"
EndProject
Project("{9A19103F-16F7-4668-BE54-9A1E7A4F7556}") = "Product.Api.Web", "src\Product.Api.Web\Product.Api.Web.csproj", "{17097EA9-FB70-4B57-B168-E887F21C20C8}"
EndProject
Project("{9A19103F-16F7-4668-BE54-9A1E7A4F7556}") = "Payment.Api.Web", "src\Payment.Api.Web\Payment.Api.Web.csproj", "{7118CCF6-40C4-4D79-BCCA-F33A9308A291}"
EndProject
Project("{9A19103F-16F7-4668-BE54-9A1E7A4F7556}") = "Infrastructure", "src\Infrastructure\Infrastructure.csproj", "{6DF934C1-AB08-4475-B3D5-3D93F8881662}"
EndProject
Project("{9A19103F-16F7-4668-BE54-9A1E7A4F7556}") = "Infrastructure.Tests", "test\Infrastructure.Tests\Infrastructure.Tests.csproj", "{E79BE06F-9127-4BDC-A69C-4FBB4819E7D6}"
EndProject
Project("{9A19103F-16F7-4668-BE54-9A1E7A4F7556}") = "ViewModels.Shared", "src\ViewModels.Shared\ViewModels.Shared.csproj", "{D725559F-D946-4C50-A6F8-143DEF91BCB8}"
EndProject
Project("{9A19103F-16F7-4668-BE54-9A1E7A4F7556}") = "Web.Shared", "src\Web.Shared\Web.Shared.csproj", "{9563BF2C-2B83-4B43-99B8-30D60745ACD3}"
EndProject
Project("{9A19103F-16F7-4668-BE54-9A1E7A4F7556}") = "TransactionMonitor.Web", "src\TransactionMonitor.Web\TransactionMonitor.Web.csproj", "{656A6324-C434-4030-8460-793E56F70E94}"
EndProject
Project("{9A19103F-16F7-4668-BE54-9A1E7A4F7556}") = "Coordinator.Api.Web", "src\Coordinator.Api.Web\Coordinator.Api.Web.csproj", "{EC9D0193-ED9D-4688-8C7D-F597DD242F05}"
EndProject
Project("{9A19103F-16F7-4668-BE54-9A1E7A4F7556}") = "AutoCancellation.Service", "src\AutoCancellation.Service\AutoCancellation.Service.csproj", "{16D31B71-0445-4AC0-8CC8-39789E6E4B20}"
EndProject
Project("{2150E333-8FDC-42A3-9474-1A3956D46DE8}") = "Solution Items", "Solution Items", "{E8B14D0B-B18B-472B-81F1-790D19F5974F}"
	ProjectSection(SolutionItems) = preProject
		identity-server.sql = identity-server.sql
		order.sql = order.sql
		payment.sql = payment.sql
		product.sql = product.sql
		user.sql = user.sql
	EndProjectSection
EndProject
Project("{9A19103F-16F7-4668-BE54-9A1E7A4F7556}") = "IdentityServer.Web", "src\IdentityServer.Web\IdentityServer.Web.csproj", "{EF07B3FA-4908-447C-87B9-F126581ADE88}"
EndProject
Project("{9A19103F-16F7-4668-BE54-9A1E7A4F7556}") = "PetShop.Web", "src\PetShop.Web\PetShop.Web.csproj", "{6E2597C6-3192-42A5-B20B-1482419EBC32}"
EndProject
Project("{9A19103F-16F7-4668-BE54-9A1E7A4F7556}") = "Domain.Shared", "src\Domain.Shared\Domain.Shared.csproj", "{B2221CAF-5475-40BB-AF0D-5FA0F5D9D68D}"
EndProject
Global
	GlobalSection(SolutionConfigurationPlatforms) = preSolution
		Debug|Any CPU = Debug|Any CPU
		Release|Any CPU = Release|Any CPU
	EndGlobalSection
	GlobalSection(ProjectConfigurationPlatforms) = postSolution
		{1F6F05E6-BCC8-492C-A19A-E9EFF97BA288}.Debug|Any CPU.ActiveCfg = Debug|Any CPU
		{1F6F05E6-BCC8-492C-A19A-E9EFF97BA288}.Debug|Any CPU.Build.0 = Debug|Any CPU
		{1F6F05E6-BCC8-492C-A19A-E9EFF97BA288}.Release|Any CPU.ActiveCfg = Release|Any CPU
		{1F6F05E6-BCC8-492C-A19A-E9EFF97BA288}.Release|Any CPU.Build.0 = Release|Any CPU
		{F0BA21FC-8136-4E1C-B940-12E5514DE08A}.Debug|Any CPU.ActiveCfg = Debug|Any CPU
		{F0BA21FC-8136-4E1C-B940-12E5514DE08A}.Debug|Any CPU.Build.0 = Debug|Any CPU
		{F0BA21FC-8136-4E1C-B940-12E5514DE08A}.Release|Any CPU.ActiveCfg = Release|Any CPU
		{F0BA21FC-8136-4E1C-B940-12E5514DE08A}.Release|Any CPU.Build.0 = Release|Any CPU
		{17097EA9-FB70-4B57-B168-E887F21C20C8}.Debug|Any CPU.ActiveCfg = Debug|Any CPU
		{17097EA9-FB70-4B57-B168-E887F21C20C8}.Debug|Any CPU.Build.0 = Debug|Any CPU
		{17097EA9-FB70-4B57-B168-E887F21C20C8}.Release|Any CPU.ActiveCfg = Release|Any CPU
		{17097EA9-FB70-4B57-B168-E887F21C20C8}.Release|Any CPU.Build.0 = Release|Any CPU
		{7118CCF6-40C4-4D79-BCCA-F33A9308A291}.Debug|Any CPU.ActiveCfg = Debug|Any CPU
		{7118CCF6-40C4-4D79-BCCA-F33A9308A291}.Debug|Any CPU.Build.0 = Debug|Any CPU
		{7118CCF6-40C4-4D79-BCCA-F33A9308A291}.Release|Any CPU.ActiveCfg = Release|Any CPU
		{7118CCF6-40C4-4D79-BCCA-F33A9308A291}.Release|Any CPU.Build.0 = Release|Any CPU
		{6DF934C1-AB08-4475-B3D5-3D93F8881662}.Debug|Any CPU.ActiveCfg = Debug|Any CPU
		{6DF934C1-AB08-4475-B3D5-3D93F8881662}.Debug|Any CPU.Build.0 = Debug|Any CPU
		{6DF934C1-AB08-4475-B3D5-3D93F8881662}.Release|Any CPU.ActiveCfg = Release|Any CPU
		{6DF934C1-AB08-4475-B3D5-3D93F8881662}.Release|Any CPU.Build.0 = Release|Any CPU
		{E79BE06F-9127-4BDC-A69C-4FBB4819E7D6}.Debug|Any CPU.ActiveCfg = Debug|Any CPU
		{E79BE06F-9127-4BDC-A69C-4FBB4819E7D6}.Debug|Any CPU.Build.0 = Debug|Any CPU
		{E79BE06F-9127-4BDC-A69C-4FBB4819E7D6}.Release|Any CPU.ActiveCfg = Release|Any CPU
		{E79BE06F-9127-4BDC-A69C-4FBB4819E7D6}.Release|Any CPU.Build.0 = Release|Any CPU
		{D725559F-D946-4C50-A6F8-143DEF91BCB8}.Debug|Any CPU.ActiveCfg = Debug|Any CPU
		{D725559F-D946-4C50-A6F8-143DEF91BCB8}.Debug|Any CPU.Build.0 = Debug|Any CPU
		{D725559F-D946-4C50-A6F8-143DEF91BCB8}.Release|Any CPU.ActiveCfg = Release|Any CPU
		{D725559F-D946-4C50-A6F8-143DEF91BCB8}.Release|Any CPU.Build.0 = Release|Any CPU
		{9563BF2C-2B83-4B43-99B8-30D60745ACD3}.Debug|Any CPU.ActiveCfg = Debug|Any CPU
		{9563BF2C-2B83-4B43-99B8-30D60745ACD3}.Debug|Any CPU.Build.0 = Debug|Any CPU
		{9563BF2C-2B83-4B43-99B8-30D60745ACD3}.Release|Any CPU.ActiveCfg = Release|Any CPU
		{9563BF2C-2B83-4B43-99B8-30D60745ACD3}.Release|Any CPU.Build.0 = Release|Any CPU
		{656A6324-C434-4030-8460-793E56F70E94}.Debug|Any CPU.ActiveCfg = Debug|Any CPU
		{656A6324-C434-4030-8460-793E56F70E94}.Debug|Any CPU.Build.0 = Debug|Any CPU
		{656A6324-C434-4030-8460-793E56F70E94}.Release|Any CPU.ActiveCfg = Release|Any CPU
		{656A6324-C434-4030-8460-793E56F70E94}.Release|Any CPU.Build.0 = Release|Any CPU
		{EC9D0193-ED9D-4688-8C7D-F597DD242F05}.Debug|Any CPU.ActiveCfg = Debug|Any CPU
		{EC9D0193-ED9D-4688-8C7D-F597DD242F05}.Debug|Any CPU.Build.0 = Debug|Any CPU
		{EC9D0193-ED9D-4688-8C7D-F597DD242F05}.Release|Any CPU.ActiveCfg = Release|Any CPU
		{EC9D0193-ED9D-4688-8C7D-F597DD242F05}.Release|Any CPU.Build.0 = Release|Any CPU
		{16D31B71-0445-4AC0-8CC8-39789E6E4B20}.Debug|Any CPU.ActiveCfg = Debug|Any CPU
		{16D31B71-0445-4AC0-8CC8-39789E6E4B20}.Debug|Any CPU.Build.0 = Debug|Any CPU
		{16D31B71-0445-4AC0-8CC8-39789E6E4B20}.Release|Any CPU.ActiveCfg = Release|Any CPU
		{16D31B71-0445-4AC0-8CC8-39789E6E4B20}.Release|Any CPU.Build.0 = Release|Any CPU
		{EF07B3FA-4908-447C-87B9-F126581ADE88}.Debug|Any CPU.ActiveCfg = Debug|Any CPU
		{EF07B3FA-4908-447C-87B9-F126581ADE88}.Debug|Any CPU.Build.0 = Debug|Any CPU
		{EF07B3FA-4908-447C-87B9-F126581ADE88}.Release|Any CPU.ActiveCfg = Release|Any CPU
		{EF07B3FA-4908-447C-87B9-F126581ADE88}.Release|Any CPU.Build.0 = Release|Any CPU
		{6E2597C6-3192-42A5-B20B-1482419EBC32}.Debug|Any CPU.ActiveCfg = Debug|Any CPU
		{6E2597C6-3192-42A5-B20B-1482419EBC32}.Debug|Any CPU.Build.0 = Debug|Any CPU
		{6E2597C6-3192-42A5-B20B-1482419EBC32}.Release|Any CPU.ActiveCfg = Release|Any CPU
		{6E2597C6-3192-42A5-B20B-1482419EBC32}.Release|Any CPU.Build.0 = Release|Any CPU
		{B2221CAF-5475-40BB-AF0D-5FA0F5D9D68D}.Debug|Any CPU.ActiveCfg = Debug|Any CPU
		{B2221CAF-5475-40BB-AF0D-5FA0F5D9D68D}.Debug|Any CPU.Build.0 = Debug|Any CPU
		{B2221CAF-5475-40BB-AF0D-5FA0F5D9D68D}.Release|Any CPU.ActiveCfg = Release|Any CPU
		{B2221CAF-5475-40BB-AF0D-5FA0F5D9D68D}.Release|Any CPU.Build.0 = Release|Any CPU
	EndGlobalSection
	GlobalSection(SolutionProperties) = preSolution
		HideSolutionNode = FALSE
	EndGlobalSection
	GlobalSection(NestedProjects) = preSolution
		{1F6F05E6-BCC8-492C-A19A-E9EFF97BA288} = {78F1F079-F66E-4615-89A0-873C6CC5873D}
		{F0BA21FC-8136-4E1C-B940-12E5514DE08A} = {78F1F079-F66E-4615-89A0-873C6CC5873D}
		{17097EA9-FB70-4B57-B168-E887F21C20C8} = {78F1F079-F66E-4615-89A0-873C6CC5873D}
		{7118CCF6-40C4-4D79-BCCA-F33A9308A291} = {78F1F079-F66E-4615-89A0-873C6CC5873D}
		{6DF934C1-AB08-4475-B3D5-3D93F8881662} = {78F1F079-F66E-4615-89A0-873C6CC5873D}
		{E79BE06F-9127-4BDC-A69C-4FBB4819E7D6} = {7A81DB4D-C88A-4BCA-9D78-6D06D0B30889}
		{D725559F-D946-4C50-A6F8-143DEF91BCB8} = {78F1F079-F66E-4615-89A0-873C6CC5873D}
		{9563BF2C-2B83-4B43-99B8-30D60745ACD3} = {78F1F079-F66E-4615-89A0-873C6CC5873D}
		{656A6324-C434-4030-8460-793E56F70E94} = {78F1F079-F66E-4615-89A0-873C6CC5873D}
		{EC9D0193-ED9D-4688-8C7D-F597DD242F05} = {78F1F079-F66E-4615-89A0-873C6CC5873D}
		{16D31B71-0445-4AC0-8CC8-39789E6E4B20} = {78F1F079-F66E-4615-89A0-873C6CC5873D}
		{EF07B3FA-4908-447C-87B9-F126581ADE88} = {78F1F079-F66E-4615-89A0-873C6CC5873D}
		{6E2597C6-3192-42A5-B20B-1482419EBC32} = {78F1F079-F66E-4615-89A0-873C6CC5873D}
		{B2221CAF-5475-40BB-AF0D-5FA0F5D9D68D} = {78F1F079-F66E-4615-89A0-873C6CC5873D}
	EndGlobalSection
	GlobalSection(ExtensibilityGlobals) = postSolution
		SolutionGuid = {352A2E1F-1BF8-4E94-B4F3-B49612DB01F7}
	EndGlobalSection
EndGlobal
